
Microsoft Visual Studio Solution File, Format Version 12.00
# Visual Studio 15
VisualStudioVersion = 15.0.28010.0
MinimumVisualStudioVersion = 10.0.40219.1
Project("{FAE04EC0-301F-11D3-BF4B-00C04F79EFBC}") = "ScheduledRunner", "ScheduledRunner\ScheduledRunner.csproj", "{92F3C5BB-B15C-43F6-9990-DAC0FDAE4AFE}"
EndProject
Project("{FAE04EC0-301F-11D3-BF4B-00C04F79EFBC}") = "DailyScheduler", "DailyScheduler\DailyScheduler.csproj", "{FC8FEA01-2F82-487A-83C1-607514A9B72E}"
EndProject
Project("{FAE04EC0-301F-11D3-BF4B-00C04F79EFBC}") = "Write500LinesTestProject", "Write500Lines\Write500LinesTestProject.csproj", "{F079E5EE-553B-48B3-9D91-12E0ED4BAB42}"
EndProject
Global
	GlobalSection(SolutionConfigurationPlatforms) = preSolution
		Debug|Any CPU = Debug|Any CPU
		Release|Any CPU = Release|Any CPU
	EndGlobalSection
	GlobalSection(ProjectConfigurationPlatforms) = postSolution
		{92F3C5BB-B15C-43F6-9990-DAC0FDAE4AFE}.Debug|Any CPU.ActiveCfg = Debug|Any CPU
		{92F3C5BB-B15C-43F6-9990-DAC0FDAE4AFE}.Debug|Any CPU.Build.0 = Debug|Any CPU
		{92F3C5BB-B15C-43F6-9990-DAC0FDAE4AFE}.Release|Any CPU.ActiveCfg = Release|Any CPU
		{92F3C5BB-B15C-43F6-9990-DAC0FDAE4AFE}.Release|Any CPU.Build.0 = Release|Any CPU
		{FC8FEA01-2F82-487A-83C1-607514A9B72E}.Debug|Any CPU.ActiveCfg = Debug|Any CPU
		{FC8FEA01-2F82-487A-83C1-607514A9B72E}.Debug|Any CPU.Build.0 = Debug|Any CPU
		{FC8FEA01-2F82-487A-83C1-607514A9B72E}.Release|Any CPU.ActiveCfg = Release|Any CPU
		{FC8FEA01-2F82-487A-83C1-607514A9B72E}.Release|Any CPU.Build.0 = Release|Any CPU
		{F079E5EE-553B-48B3-9D91-12E0ED4BAB42}.Debug|Any CPU.ActiveCfg = Debug|Any CPU
		{F079E5EE-553B-48B3-9D91-12E0ED4BAB42}.Debug|Any CPU.Build.0 = Debug|Any CPU
		{F079E5EE-553B-48B3-9D91-12E0ED4BAB42}.Release|Any CPU.ActiveCfg = Release|Any CPU
		{F079E5EE-553B-48B3-9D91-12E0ED4BAB42}.Release|Any CPU.Build.0 = Release|Any CPU
	EndGlobalSection
	GlobalSection(SolutionProperties) = preSolution
		HideSolutionNode = FALSE
	EndGlobalSection
	GlobalSection(ExtensibilityGlobals) = postSolution
		SolutionGuid = {FE0AEF18-EA38-4B39-B1EB-DD15F3AFAA02}
	EndGlobalSection
EndGlobal
